// !$*UTF8*$!
{
	archiveVersion = 1;
	classes = {
	};
	objectVersion = 56;
	objects = {

/* Begin PBXBuildFile section */
		CCA5A6192B37EF46000D7452 /* ProgramViewController.swift in Sources */ = {isa = PBXBuildFile; fileRef = CCA5A6182B37EF46000D7452 /* ProgramViewController.swift */; };
		CCA5A61B2B37EF61000D7452 /* PlanViewController.swift in Sources */ = {isa = PBXBuildFile; fileRef = CCA5A61A2B37EF61000D7452 /* PlanViewController.swift */; };
		CCA5A61D2B37EF7F000D7452 /* LogsViewController.swift in Sources */ = {isa = PBXBuildFile; fileRef = CCA5A61C2B37EF7F000D7452 /* LogsViewController.swift */; };
		CCDBA89B2B37D6E200453E7C /* AppDelegate.swift in Sources */ = {isa = PBXBuildFile; fileRef = CCDBA89A2B37D6E200453E7C /* AppDelegate.swift */; };
		CCDBA89D2B37D6E200453E7C /* SceneDelegate.swift in Sources */ = {isa = PBXBuildFile; fileRef = CCDBA89C2B37D6E200453E7C /* SceneDelegate.swift */; };
		CCDBA89F2B37D6E200453E7C /* StartViewController.swift in Sources */ = {isa = PBXBuildFile; fileRef = CCDBA89E2B37D6E200453E7C /* StartViewController.swift */; };
		CCDBA8A22B37D6E200453E7C /* Main.storyboard in Resources */ = {isa = PBXBuildFile; fileRef = CCDBA8A02B37D6E200453E7C /* Main.storyboard */; };
		CCDBA8A42B37D6E300453E7C /* Assets.xcassets in Resources */ = {isa = PBXBuildFile; fileRef = CCDBA8A32B37D6E300453E7C /* Assets.xcassets */; };
		CCDBA8A72B37D6E300453E7C /* LaunchScreen.storyboard in Resources */ = {isa = PBXBuildFile; fileRef = CCDBA8A52B37D6E300453E7C /* LaunchScreen.storyboard */; };
/* End PBXBuildFile section */

/* Begin PBXFileReference section */
		CCA5A6182B37EF46000D7452 /* ProgramViewController.swift */ = {isa = PBXFileReference; lastKnownFileType = sourcecode.swift; path = ProgramViewController.swift; sourceTree = "<group>"; };
		CCA5A61A2B37EF61000D7452 /* PlanViewController.swift */ = {isa = PBXFileReference; lastKnownFileType = sourcecode.swift; path = PlanViewController.swift; sourceTree = "<group>"; };
		CCA5A61C2B37EF7F000D7452 /* LogsViewController.swift */ = {isa = PBXFileReference; lastKnownFileType = sourcecode.swift; path = LogsViewController.swift; sourceTree = "<group>"; };
		CCDBA8972B37D6E200453E7C /* UnammedApp.app */ = {isa = PBXFileReference; explicitFileType = wrapper.application; includeInIndex = 0; path = UnammedApp.app; sourceTree = BUILT_PRODUCTS_DIR; };
		CCDBA89A2B37D6E200453E7C /* AppDelegate.swift */ = {isa = PBXFileReference; lastKnownFileType = sourcecode.swift; path = AppDelegate.swift; sourceTree = "<group>"; };
		CCDBA89C2B37D6E200453E7C /* SceneDelegate.swift */ = {isa = PBXFileReference; lastKnownFileType = sourcecode.swift; path = SceneDelegate.swift; sourceTree = "<group>"; };
		CCDBA89E2B37D6E200453E7C /* StartViewController.swift */ = {isa = PBXFileReference; lastKnownFileType = sourcecode.swift; path = StartViewController.swift; sourceTree = "<group>"; };
		CCDBA8A12B37D6E200453E7C /* Base */ = {isa = PBXFileReference; lastKnownFileType = file.storyboard; name = Base; path = Base.lproj/Main.storyboard; sourceTree = "<group>"; };
		CCDBA8A32B37D6E300453E7C /* Assets.xcassets */ = {isa = PBXFileReference; lastKnownFileType = folder.assetcatalog; path = Assets.xcassets; sourceTree = "<group>"; };
		CCDBA8A62B37D6E300453E7C /* Base */ = {isa = PBXFileReference; lastKnownFileType = file.storyboard; name = Base; path = Base.lproj/LaunchScreen.storyboard; sourceTree = "<group>"; };
		CCDBA8A82B37D6E300453E7C /* Info.plist */ = {isa = PBXFileReference; lastKnownFileType = text.plist.xml; path = Info.plist; sourceTree = "<group>"; };
/* End PBXFileReference section */

/* Begin PBXFrameworksBuildPhase section */
		CCDBA8942B37D6E200453E7C /* Frameworks */ = {
			isa = PBXFrameworksBuildPhase;
			buildActionMask = 2147483647;
			files = (
			);
			runOnlyForDeploymentPostprocessing = 0;
		};
/* End PBXFrameworksBuildPhase section */

/* Begin PBXGroup section */
		CCDBA88E2B37D6E200453E7C = {
			isa = PBXGroup;
			children = (
				CCDBA8992B37D6E200453E7C /* UnammedApp */,
				CCDBA8982B37D6E200453E7C /* Products */,
			);
			sourceTree = "<group>";
		};
		CCDBA8982B37D6E200453E7C /* Products */ = {
			isa = PBXGroup;
			children = (
				CCDBA8972B37D6E200453E7C /* UnammedApp.app */,
			);
			name = Products;
			sourceTree = "<group>";
		};
		CCDBA8992B37D6E200453E7C /* UnammedApp */ = {
			isa = PBXGroup;
			children = (
				CCDBA89A2B37D6E200453E7C /* AppDelegate.swift */,
				CCDBA89C2B37D6E200453E7C /* SceneDelegate.swift */,
				CCDBA89E2B37D6E200453E7C /* StartViewController.swift */,
				CCDBA8A02B37D6E200453E7C /* Main.storyboard */,
				CCA5A61C2B37EF7F000D7452 /* LogsViewController.swift */,
				CCA5A61A2B37EF61000D7452 /* PlanViewController.swift */,
				CCA5A6182B37EF46000D7452 /* ProgramViewController.swift */,
				CCDBA8A32B37D6E300453E7C /* Assets.xcassets */,
				CCDBA8A52B37D6E300453E7C /* LaunchScreen.storyboard */,
				CCDBA8A82B37D6E300453E7C /* Info.plist */,
			);
			path = UnammedApp;
			sourceTree = "<group>";
		};
/* End PBXGroup section */

/* Begin PBXNativeTarget section */
		CCDBA8962B37D6E200453E7C /* UnammedApp */ = {
			isa = PBXNativeTarget;
			buildConfigurationList = CCDBA8AB2B37D6E300453E7C /* Build configuration list for PBXNativeTarget "UnammedApp" */;
			buildPhases = (
				CCDBA8932B37D6E200453E7C /* Sources */,
				CCDBA8942B37D6E200453E7C /* Frameworks */,
				CCDBA8952B37D6E200453E7C /* Resources */,
			);
			buildRules = (
			);
			dependencies = (
			);
			name = UnammedApp;
			productName = UnammedApp;
			productReference = CCDBA8972B37D6E200453E7C /* UnammedApp.app */;
			productType = "com.apple.product-type.application";
		};
/* End PBXNativeTarget section */

/* Begin PBXProject section */
		CCDBA88F2B37D6E200453E7C /* Project object */ = {
			isa = PBXProject;
			attributes = {
				BuildIndependentTargetsInParallel = 1;
				LastSwiftUpdateCheck = 1510;
				LastUpgradeCheck = 1510;
				TargetAttributes = {
					CCDBA8962B37D6E200453E7C = {
						CreatedOnToolsVersion = 15.1;
					};
				};
			};
			buildConfigurationList = CCDBA8922B37D6E200453E7C /* Build configuration list for PBXProject "UnammedApp" */;
			compatibilityVersion = "Xcode 14.0";
			developmentRegion = en;
			hasScannedForEncodings = 0;
			knownRegions = (
				en,
				Base,
			);
			mainGroup = CCDBA88E2B37D6E200453E7C;
			productRefGroup = CCDBA8982B37D6E200453E7C /* Products */;
			projectDirPath = "";
			projectRoot = "";
			targets = (
				CCDBA8962B37D6E200453E7C /* UnammedApp */,
			);
		};
/* End PBXProject section */

/* Begin PBXResourcesBuildPhase section */
		CCDBA8952B37D6E200453E7C /* Resources */ = {
			isa = PBXResourcesBuildPhase;
			buildActionMask = 2147483647;
			files = (
				CCDBA8A72B37D6E300453E7C /* LaunchScreen.storyboard in Resources */,
				CCDBA8A42B37D6E300453E7C /* Assets.xcassets in Resources */,
				CCDBA8A22B37D6E200453E7C /* Main.storyboard in Resources */,
			);
			runOnlyForDeploymentPostprocessing = 0;
		};
/* End PBXResourcesBuildPhase section */

/* Begin PBXSourcesBuildPhase section */
		CCDBA8932B37D6E200453E7C /* Sources */ = {
			isa = PBXSourcesBuildPhase;
			buildActionMask = 2147483647;
			files = (
				CCDBA89F2B37D6E200453E7C /* StartViewController.swift in Sources */,
				CCA5A61B2B37EF61000D7452 /* PlanViewController.swift in Sources */,
				CCA5A6192B37EF46000D7452 /* ProgramViewController.swift in Sources */,
				CCDBA89B2B37D6E200453E7C /* AppDelegate.swift in Sources */,
				CCDBA89D2B37D6E200453E7C /* SceneDelegate.swift in Sources */,
				CCA5A61D2B37EF7F000D7452 /* LogsViewController.swift in Sources */,
			);
			runOnlyForDeploymentPostprocessing = 0;
		};
/* End PBXSourcesBuildPhase section */

/* Begin PBXVariantGroup section */
		CCDBA8A02B37D6E200453E7C /* Main.storyboard */ = {
			isa = PBXVariantGroup;
			children = (
				CCDBA8A12B37D6E200453E7C /* Base */,
			);
			name = Main.storyboard;
			sourceTree = "<group>";
		};
		CCDBA8A52B37D6E300453E7C /* LaunchScreen.storyboard */ = {
			isa = PBXVariantGroup;
			children = (
				CCDBA8A62B37D6E300453E7C /* Base */,
			);
			name = LaunchScreen.storyboard;
			sourceTree = "<group>";
		};
/* End PBXVariantGroup section */

/* Begin XCBuildConfiguration section */
		CCDBA8A92B37D6E300453E7C /* Debug */ = {
			isa = XCBuildConfiguration;
			buildSettings = {
				ALWAYS_SEARCH_USER_PATHS = NO;
				ASSETCATALOG_COMPILER_GENERATE_SWIFT_ASSET_SYMBOL_EXTENSIONS = YES;
				CLANG_ANALYZER_NONNULL = YES;
				CLANG_ANALYZER_NUMBER_OBJECT_CONVERSION = YES_AGGRESSIVE;
				CLANG_CXX_LANGUAGE_STANDARD = "gnu++20";
				CLANG_ENABLE_MODULES = YES;
				CLANG_ENABLE_OBJC_ARC = YES;
				CLANG_ENABLE_OBJC_WEAK = YES;
				CLANG_WARN_BLOCK_CAPTURE_AUTORELEASING = YES;
				CLANG_WARN_BOOL_CONVERSION = YES;
				CLANG_WARN_COMMA = YES;
				CLANG_WARN_CONSTANT_CONVERSION = YES;
				CLANG_WARN_DEPRECATED_OBJC_IMPLEMENTATIONS = YES;
				CLANG_WARN_DIRECT_OBJC_ISA_USAGE = YES_ERROR;
				CLANG_WARN_DOCUMENTATION_COMMENTS = YES;
				CLANG_WARN_EMPTY_BODY = YES;
				CLANG_WARN_ENUM_CONVERSION = YES;
				CLANG_WARN_INFINITE_RECURSION = YES;
				CLANG_WARN_INT_CONVERSION = YES;
				CLANG_WARN_NON_LITERAL_NULL_CONVERSION = YES;
				CLANG_WARN_OBJC_IMPLICIT_RETAIN_SELF = YES;
				CLANG_WARN_OBJC_LITERAL_CONVERSION = YES;
				CLANG_WARN_OBJC_ROOT_CLASS = YES_ERROR;
				CLANG_WARN_QUOTED_INCLUDE_IN_FRAMEWORK_HEADER = YES;
				CLANG_WARN_RANGE_LOOP_ANALYSIS = YES;
				CLANG_WARN_STRICT_PROTOTYPES = YES;
				CLANG_WARN_SUSPICIOUS_MOVE = YES;
				CLANG_WARN_UNGUARDED_AVAILABILITY = YES_AGGRESSIVE;
				CLANG_WARN_UNREACHABLE_CODE = YES;
				CLANG_WARN__DUPLICATE_METHOD_MATCH = YES;
				COPY_PHASE_STRIP = NO;
				DEBUG_INFORMATION_FORMAT = dwarf;
				ENABLE_STRICT_OBJC_MSGSEND = YES;
				ENABLE_TESTABILITY = YES;
				ENABLE_USER_SCRIPT_SANDBOXING = YES;
				GCC_C_LANGUAGE_STANDARD = gnu17;
				GCC_DYNAMIC_NO_PIC = NO;
				GCC_NO_COMMON_BLOCKS = YES;
				GCC_OPTIMIZATION_LEVEL = 0;
				GCC_PREPROCESSOR_DEFINITIONS = (
					"DEBUG=1",
					"$(inherited)",
				);
				GCC_WARN_64_TO_32_BIT_CONVERSION = YES;
				GCC_WARN_ABOUT_RETURN_TYPE = YES_ERROR;
				GCC_WARN_UNDECLARED_SELECTOR = YES;
				GCC_WARN_UNINITIALIZED_AUTOS = YES_AGGRESSIVE;
				GCC_WARN_UNUSED_FUNCTION = YES;
				GCC_WARN_UNUSED_VARIABLE = YES;
				IPHONEOS_DEPLOYMENT_TARGET = 17.2;
				LOCALIZATION_PREFERS_STRING_CATALOGS = YES;
				MTL_ENABLE_DEBUG_INFO = INCLUDE_SOURCE;
				MTL_FAST_MATH = YES;
				ONLY_ACTIVE_ARCH = YES;
				SDKROOT = iphoneos;
				SWIFT_ACTIVE_COMPILATION_CONDITIONS = "DEBUG $(inherited)";
				SWIFT_OPTIMIZATION_LEVEL = "-Onone";
			};
			name = Debug;
		};
		CCDBA8AA2B37D6E300453E7C /* Release */ = {
			isa = XCBuildConfiguration;
			buildSettings = {
				ALWAYS_SEARCH_USER_PATHS = NO;
				ASSETCATALOG_COMPILER_GENERATE_SWIFT_ASSET_SYMBOL_EXTENSIONS = YES;
				CLANG_ANALYZER_NONNULL = YES;
				CLANG_ANALYZER_NUMBER_OBJECT_CONVERSION = YES_AGGRESSIVE;
				CLANG_CXX_LANGUAGE_STANDARD = "gnu++20";
				CLANG_ENABLE_MODULES = YES;
				CLANG_ENABLE_OBJC_ARC = YES;
				CLANG_ENABLE_OBJC_WEAK = YES;
				CLANG_WARN_BLOCK_CAPTURE_AUTORELEASING = YES;
				CLANG_WARN_BOOL_CONVERSION = YES;
				CLANG_WARN_COMMA = YES;
				CLANG_WARN_CONSTANT_CONVERSION = YES;
				CLANG_WARN_DEPRECATED_OBJC_IMPLEMENTATIONS = YES;
				CLANG_WARN_DIRECT_OBJC_ISA_USAGE = YES_ERROR;
				CLANG_WARN_DOCUMENTATION_COMMENTS = YES;
				CLANG_WARN_EMPTY_BODY = YES;
				CLANG_WARN_ENUM_CONVERSION = YES;
				CLANG_WARN_INFINITE_RECURSION = YES;
				CLANG_WARN_INT_CONVERSION = YES;
				CLANG_WARN_NON_LITERAL_NULL_CONVERSION = YES;
				CLANG_WARN_OBJC_IMPLICIT_RETAIN_SELF = YES;
				CLANG_WARN_OBJC_LITERAL_CONVERSION = YES;
				CLANG_WARN_OBJC_ROOT_CLASS = YES_ERROR;
				CLANG_WARN_QUOTED_INCLUDE_IN_FRAMEWORK_HEADER = YES;
				CLANG_WARN_RANGE_LOOP_ANALYSIS = YES;
				CLANG_WARN_STRICT_PROTOTYPES = YES;
				CLANG_WARN_SUSPICIOUS_MOVE = YES;
				CLANG_WARN_UNGUARDED_AVAILABILITY = YES_AGGRESSIVE;
				CLANG_WARN_UNREACHABLE_CODE = YES;
				CLANG_WARN__DUPLICATE_METHOD_MATCH = YES;
				COPY_PHASE_STRIP = NO;
				DEBUG_INFORMATION_FORMAT = "dwarf-with-dsym";
				ENABLE_NS_ASSERTIONS = NO;
				ENABLE_STRICT_OBJC_MSGSEND = YES;
				ENABLE_USER_SCRIPT_SANDBOXING = YES;
				GCC_C_LANGUAGE_STANDARD = gnu17;
				GCC_NO_COMMON_BLOCKS = YES;
				GCC_WARN_64_TO_32_BIT_CONVERSION = YES;
				GCC_WARN_ABOUT_RETURN_TYPE = YES_ERROR;
				GCC_WARN_UNDECLARED_SELECTOR = YES;
				GCC_WARN_UNINITIALIZED_AUTOS = YES_AGGRESSIVE;
				GCC_WARN_UNUSED_FUNCTION = YES;
				GCC_WARN_UNUSED_VARIABLE = YES;
				IPHONEOS_DEPLOYMENT_TARGET = 17.2;
				LOCALIZATION_PREFERS_STRING_CATALOGS = YES;
				MTL_ENABLE_DEBUG_INFO = NO;
				MTL_FAST_MATH = YES;
				SDKROOT = iphoneos;
				SWIFT_COMPILATION_MODE = wholemodule;
				VALIDATE_PRODUCT = YES;
			};
			name = Release;
		};
		CCDBA8AC2B37D6E300453E7C /* Debug */ = {
			isa = XCBuildConfiguration;
			buildSettings = {
				ASSETCATALOG_COMPILER_APPICON_NAME = AppIcon;
				ASSETCATALOG_COMPILER_GLOBAL_ACCENT_COLOR_NAME = AccentColor;
				CODE_SIGN_STYLE = Automatic;
				CURRENT_PROJECT_VERSION = 1;
				DEVELOPMENT_TEAM = ZBUXG7MTFC;
				GENERATE_INFOPLIST_FILE = YES;
				INFOPLIST_FILE = UnammedApp/Info.plist;
				INFOPLIST_KEY_CFBundleDisplayName = UnammedApp;
				INFOPLIST_KEY_LSApplicationCategoryType = "public.app-category.healthcare-fitness";
				INFOPLIST_KEY_UIApplicationSupportsIndirectInputEvents = YES;
				INFOPLIST_KEY_UILaunchStoryboardName = LaunchScreen;
				INFOPLIST_KEY_UIMainStoryboardFile = Main;
				INFOPLIST_KEY_UISupportedInterfaceOrientations_iPad = "UIInterfaceOrientationPortrait UIInterfaceOrientationPortraitUpsideDown UIInterfaceOrientationLandscapeLeft UIInterfaceOrientationLandscapeRight";
				INFOPLIST_KEY_UISupportedInterfaceOrientations_iPhone = "UIInterfaceOrientationPortrait UIInterfaceOrientationLandscapeLeft UIInterfaceOrientationLandscapeRight";
				LD_RUNPATH_SEARCH_PATHS = (
					"$(inherited)",
					"@executable_path/Frameworks",
				);
				MARKETING_VERSION = 1.0;
				PRODUCT_BUNDLE_IDENTIFIER = me.UnammedApp;
				PRODUCT_NAME = "$(TARGET_NAME)";
				SWIFT_EMIT_LOC_STRINGS = YES;
				SWIFT_VERSION = 5.0;
				TARGETED_DEVICE_FAMILY = "1,2";
			};
			name = Debug;
		};
		CCDBA8AD2B37D6E300453E7C /* Release */ = {
			isa = XCBuildConfiguration;
			buildSettings = {
				ASSETCATALOG_COMPILER_APPICON_NAME = AppIcon;
				ASSETCATALOG_COMPILER_GLOBAL_ACCENT_COLOR_NAME = AccentColor;
				CODE_SIGN_STYLE = Automatic;
				CURRENT_PROJECT_VERSION = 1;
				DEVELOPMENT_TEAM = ZBUXG7MTFC;
				GENERATE_INFOPLIST_FILE = YES;
				INFOPLIST_FILE = UnammedApp/Info.plist;
				INFOPLIST_KEY_CFBundleDisplayName = UnammedApp;
				INFOPLIST_KEY_LSApplicationCategoryType = "public.app-category.healthcare-fitness";
				INFOPLIST_KEY_UIApplicationSupportsIndirectInputEvents = YES;
				INFOPLIST_KEY_UILaunchStoryboardName = LaunchScreen;
				INFOPLIST_KEY_UIMainStoryboardFile = Main;
				INFOPLIST_KEY_UISupportedInterfaceOrientations_iPad = "UIInterfaceOrientationPortrait UIInterfaceOrientationPortraitUpsideDown UIInterfaceOrientationLandscapeLeft UIInterfaceOrientationLandscapeRight";
				INFOPLIST_KEY_UISupportedInterfaceOrientations_iPhone = "UIInterfaceOrientationPortrait UIInterfaceOrientationLandscapeLeft UIInterfaceOrientationLandscapeRight";
				LD_RUNPATH_SEARCH_PATHS = (
					"$(inherited)",
					"@executable_path/Frameworks",
				);
				MARKETING_VERSION = 1.0;
				PRODUCT_BUNDLE_IDENTIFIER = me.UnammedApp;
				PRODUCT_NAME = "$(TARGET_NAME)";
				SWIFT_EMIT_LOC_STRINGS = YES;
				SWIFT_VERSION = 5.0;
				TARGETED_DEVICE_FAMILY = "1,2";
			};
			name = Release;
		};
/* End XCBuildConfiguration section */

/* Begin XCConfigurationList section */
		CCDBA8922B37D6E200453E7C /* Build configuration list for PBXProject "UnammedApp" */ = {
			isa = XCConfigurationList;
			buildConfigurations = (
				CCDBA8A92B37D6E300453E7C /* Debug */,
				CCDBA8AA2B37D6E300453E7C /* Release */,
			);
			defaultConfigurationIsVisible = 0;
			defaultConfigurationName = Release;
		};
		CCDBA8AB2B37D6E300453E7C /* Build configuration list for PBXNativeTarget "UnammedApp" */ = {
			isa = XCConfigurationList;
			buildConfigurations = (
				CCDBA8AC2B37D6E300453E7C /* Debug */,
				CCDBA8AD2B37D6E300453E7C /* Release */,
			);
			defaultConfigurationIsVisible = 0;
			defaultConfigurationName = Release;
		};
/* End XCConfigurationList section */
	};
	rootObject = CCDBA88F2B37D6E200453E7C /* Project object */;
}
